
Microsoft Visual Studio Solution File, Format Version 12.00
# Visual Studio Version 16
VisualStudioVersion = 16.0.28922.388
MinimumVisualStudioVersion = 10.0.40219.1
Project("{FAE04EC0-301F-11D3-BF4B-00C04F79EFBC}") = "PassByValueAlex", "PassByValueAlex\PassByValueAlex.csproj", "{A49B1F61-9C93-4420-AD6D-D12F2818C95F}"
EndProject
Global
	GlobalSection(SolutionConfigurationPlatforms) = preSolution
		Debug|Any CPU = Debug|Any CPU
		Release|Any CPU = Release|Any CPU
	EndGlobalSection
	GlobalSection(ProjectConfigurationPlatforms) = postSolution
		{A49B1F61-9C93-4420-AD6D-D12F2818C95F}.Debug|Any CPU.ActiveCfg = Debug|Any CPU
		{A49B1F61-9C93-4420-AD6D-D12F2818C95F}.Debug|Any CPU.Build.0 = Debug|Any CPU
		{A49B1F61-9C93-4420-AD6D-D12F2818C95F}.Release|Any CPU.ActiveCfg = Release|Any CPU
		{A49B1F61-9C93-4420-AD6D-D12F2818C95F}.Release|Any CPU.Build.0 = Release|Any CPU
	EndGlobalSection
	GlobalSection(SolutionProperties) = preSolution
		HideSolutionNode = FALSE
	EndGlobalSection
	GlobalSection(ExtensibilityGlobals) = postSolution
		SolutionGuid = {2B926773-373F-4CB8-83C7-01AE3826EDA9}
	EndGlobalSection
EndGlobal
