
Microsoft Visual Studio Solution File, Format Version 12.00
# Visual Studio Version 16
VisualStudioVersion = 16.0.28922.388
MinimumVisualStudioVersion = 10.0.40219.1
Project("{FAE04EC0-301F-11D3-BF4B-00C04F79EFBC}") = "NewWalkingManAlex", "NewWalkingManAlex\NewWalkingManAlex.csproj", "{1E7B063B-43A9-47E2-AEE0-59BBA7ABD312}"
EndProject
Global
	GlobalSection(SolutionConfigurationPlatforms) = preSolution
		Debug|Any CPU = Debug|Any CPU
		Release|Any CPU = Release|Any CPU
	EndGlobalSection
	GlobalSection(ProjectConfigurationPlatforms) = postSolution
		{1E7B063B-43A9-47E2-AEE0-59BBA7ABD312}.Debug|Any CPU.ActiveCfg = Debug|Any CPU
		{1E7B063B-43A9-47E2-AEE0-59BBA7ABD312}.Debug|Any CPU.Build.0 = Debug|Any CPU
		{1E7B063B-43A9-47E2-AEE0-59BBA7ABD312}.Release|Any CPU.ActiveCfg = Release|Any CPU
		{1E7B063B-43A9-47E2-AEE0-59BBA7ABD312}.Release|Any CPU.Build.0 = Release|Any CPU
	EndGlobalSection
	GlobalSection(SolutionProperties) = preSolution
		HideSolutionNode = FALSE
	EndGlobalSection
	GlobalSection(ExtensibilityGlobals) = postSolution
		SolutionGuid = {A80B277C-96FA-4CB3-87D8-B7ECA7EDAB4F}
	EndGlobalSection
EndGlobal
