
Microsoft Visual Studio Solution File, Format Version 12.00
# Visual Studio Version 16
VisualStudioVersion = 16.0.28922.388
MinimumVisualStudioVersion = 10.0.40219.1
Project("{FAE04EC0-301F-11D3-BF4B-00C04F79EFBC}") = "CalculatetheHypotenuse", "CalculatetheHypotenuse\CalculatetheHypotenuse.csproj", "{E915710E-8A5E-4D2D-B124-FEEFE259A24E}"
EndProject
Global
	GlobalSection(SolutionConfigurationPlatforms) = preSolution
		Debug|Any CPU = Debug|Any CPU
		Release|Any CPU = Release|Any CPU
	EndGlobalSection
	GlobalSection(ProjectConfigurationPlatforms) = postSolution
		{E915710E-8A5E-4D2D-B124-FEEFE259A24E}.Debug|Any CPU.ActiveCfg = Debug|Any CPU
		{E915710E-8A5E-4D2D-B124-FEEFE259A24E}.Debug|Any CPU.Build.0 = Debug|Any CPU
		{E915710E-8A5E-4D2D-B124-FEEFE259A24E}.Release|Any CPU.ActiveCfg = Release|Any CPU
		{E915710E-8A5E-4D2D-B124-FEEFE259A24E}.Release|Any CPU.Build.0 = Release|Any CPU
	EndGlobalSection
	GlobalSection(SolutionProperties) = preSolution
		HideSolutionNode = FALSE
	EndGlobalSection
	GlobalSection(ExtensibilityGlobals) = postSolution
		SolutionGuid = {C3C5293C-B807-49C5-90E1-61A62248AE76}
	EndGlobalSection
EndGlobal
